
Microsoft Visual Studio Solution File, Format Version 12.00
# Visual Studio Version 17
VisualStudioVersion = 17.13.35931.197 d17.13
MinimumVisualStudioVersion = 10.0.40219.1
Project("{FAE04EC0-301F-11D3-BF4B-00C04F79EFBC}") = "Homework10", "Homework10.csproj", "{6E9150DB-7A93-4AB3-9385-BC4829BD94FE}"
EndProject
Global
	GlobalSection(SolutionConfigurationPlatforms) = preSolution
		Debug|Any CPU = Debug|Any CPU
		Release|Any CPU = Release|Any CPU
	EndGlobalSection
	GlobalSection(ProjectConfigurationPlatforms) = postSolution
		{6E9150DB-7A93-4AB3-9385-BC4829BD94FE}.Debug|Any CPU.ActiveCfg = Debug|Any CPU
		{6E9150DB-7A93-4AB3-9385-BC4829BD94FE}.Debug|Any CPU.Build.0 = Debug|Any CPU
		{6E9150DB-7A93-4AB3-9385-BC4829BD94FE}.Release|Any CPU.ActiveCfg = Release|Any CPU
		{6E9150DB-7A93-4AB3-9385-BC4829BD94FE}.Release|Any CPU.Build.0 = Release|Any CPU
	EndGlobalSection
	GlobalSection(SolutionProperties) = preSolution
		HideSolutionNode = FALSE
	EndGlobalSection
	GlobalSection(ExtensibilityGlobals) = postSolution
		SolutionGuid = {B49387DD-99D0-4023-8225-380836946A8E}
	EndGlobalSection
EndGlobal
