
Microsoft Visual Studio Solution File, Format Version 12.00
# Visual Studio Version 17
VisualStudioVersion = 17.13.35931.197 d17.13
MinimumVisualStudioVersion = 10.0.40219.1
Project("{FAE04EC0-301F-11D3-BF4B-00C04F79EFBC}") = "IndependentWork10", "IndependentWork10.csproj", "{A5319E39-FE33-4567-90FC-55BA5E014C1B}"
EndProject
Global
	GlobalSection(SolutionConfigurationPlatforms) = preSolution
		Debug|Any CPU = Debug|Any CPU
		Release|Any CPU = Release|Any CPU
	EndGlobalSection
	GlobalSection(ProjectConfigurationPlatforms) = postSolution
		{A5319E39-FE33-4567-90FC-55BA5E014C1B}.Debug|Any CPU.ActiveCfg = Debug|Any CPU
		{A5319E39-FE33-4567-90FC-55BA5E014C1B}.Debug|Any CPU.Build.0 = Debug|Any CPU
		{A5319E39-FE33-4567-90FC-55BA5E014C1B}.Release|Any CPU.ActiveCfg = Release|Any CPU
		{A5319E39-FE33-4567-90FC-55BA5E014C1B}.Release|Any CPU.Build.0 = Release|Any CPU
	EndGlobalSection
	GlobalSection(SolutionProperties) = preSolution
		HideSolutionNode = FALSE
	EndGlobalSection
	GlobalSection(ExtensibilityGlobals) = postSolution
		SolutionGuid = {E4989131-CF60-4F01-AA99-403E9B13469B}
	EndGlobalSection
EndGlobal
